
Microsoft Visual Studio Solution File, Format Version 12.00
# Visual Studio Version 17
VisualStudioVersion = 17.4.33205.214
MinimumVisualStudioVersion = 10.0.40219.1
Project("{2150E333-8FDC-42A3-9474-1A3956D46DE8}") = "Core", "Core", "{68881016-900F-4B14-8B0C-94011E49AA35}"
EndProject
Project("{2150E333-8FDC-42A3-9474-1A3956D46DE8}") = "Infrastructure", "Infrastructure", "{46C478C6-1C0D-459A-96BC-4B4D8239C6C7}"
EndProject
Project("{2150E333-8FDC-42A3-9474-1A3956D46DE8}") = "Api", "Api", "{37539850-F027-485F-9995-7D5ABA381E1B}"
EndProject
Project("{2150E333-8FDC-42A3-9474-1A3956D46DE8}") = "src", "src", "{98032AA5-220A-46A9-A188-B3F841EC90B3}"
EndProject
Project("{2150E333-8FDC-42A3-9474-1A3956D46DE8}") = "test", "test", "{7964C255-ADE7-4510-A285-479D09BCA1FC}"
EndProject
Project("{9A19103F-16F7-4668-BE54-9A1E7A4F7556}") = "Application", "src\Core\Application\Application.csproj", "{9F82D0BA-FFE1-4FA0-8A9B-DD506413BB34}"
EndProject
Project("{9A19103F-16F7-4668-BE54-9A1E7A4F7556}") = "Domain", "src\Core\Domain\Domain.csproj", "{945357C0-13E8-4FF3-A36D-1E16B523DA37}"
EndProject
Project("{9A19103F-16F7-4668-BE54-9A1E7A4F7556}") = "Persistence", "src\InfrastructureFolder\Persistence\Persistence.csproj", "{84E01ABF-2F87-4F07-A892-BF72897F568B}"
EndProject
Project("{9A19103F-16F7-4668-BE54-9A1E7A4F7556}") = "Api", "src\Api\Api.csproj", "{AA7F8251-D1FC-4CF0-913D-E5EA25B81EAD}"
EndProject
Global
	GlobalSection(SolutionConfigurationPlatforms) = preSolution
		Debug|Any CPU = Debug|Any CPU
		Release|Any CPU = Release|Any CPU
	EndGlobalSection
	GlobalSection(ProjectConfigurationPlatforms) = postSolution
		{9F82D0BA-FFE1-4FA0-8A9B-DD506413BB34}.Debug|Any CPU.ActiveCfg = Debug|Any CPU
		{9F82D0BA-FFE1-4FA0-8A9B-DD506413BB34}.Debug|Any CPU.Build.0 = Debug|Any CPU
		{9F82D0BA-FFE1-4FA0-8A9B-DD506413BB34}.Release|Any CPU.ActiveCfg = Release|Any CPU
		{9F82D0BA-FFE1-4FA0-8A9B-DD506413BB34}.Release|Any CPU.Build.0 = Release|Any CPU
		{945357C0-13E8-4FF3-A36D-1E16B523DA37}.Debug|Any CPU.ActiveCfg = Debug|Any CPU
		{945357C0-13E8-4FF3-A36D-1E16B523DA37}.Debug|Any CPU.Build.0 = Debug|Any CPU
		{945357C0-13E8-4FF3-A36D-1E16B523DA37}.Release|Any CPU.ActiveCfg = Release|Any CPU
		{945357C0-13E8-4FF3-A36D-1E16B523DA37}.Release|Any CPU.Build.0 = Release|Any CPU
		{84E01ABF-2F87-4F07-A892-BF72897F568B}.Debug|Any CPU.ActiveCfg = Debug|Any CPU
		{84E01ABF-2F87-4F07-A892-BF72897F568B}.Debug|Any CPU.Build.0 = Debug|Any CPU
		{84E01ABF-2F87-4F07-A892-BF72897F568B}.Release|Any CPU.ActiveCfg = Release|Any CPU
		{84E01ABF-2F87-4F07-A892-BF72897F568B}.Release|Any CPU.Build.0 = Release|Any CPU
		{AA7F8251-D1FC-4CF0-913D-E5EA25B81EAD}.Debug|Any CPU.ActiveCfg = Debug|Any CPU
		{AA7F8251-D1FC-4CF0-913D-E5EA25B81EAD}.Debug|Any CPU.Build.0 = Debug|Any CPU
		{AA7F8251-D1FC-4CF0-913D-E5EA25B81EAD}.Release|Any CPU.ActiveCfg = Release|Any CPU
		{AA7F8251-D1FC-4CF0-913D-E5EA25B81EAD}.Release|Any CPU.Build.0 = Release|Any CPU
	EndGlobalSection
	GlobalSection(SolutionProperties) = preSolution
		HideSolutionNode = FALSE
	EndGlobalSection
	GlobalSection(NestedProjects) = preSolution
		{68881016-900F-4B14-8B0C-94011E49AA35} = {98032AA5-220A-46A9-A188-B3F841EC90B3}
		{46C478C6-1C0D-459A-96BC-4B4D8239C6C7} = {98032AA5-220A-46A9-A188-B3F841EC90B3}
		{37539850-F027-485F-9995-7D5ABA381E1B} = {98032AA5-220A-46A9-A188-B3F841EC90B3}
		{9F82D0BA-FFE1-4FA0-8A9B-DD506413BB34} = {68881016-900F-4B14-8B0C-94011E49AA35}
		{945357C0-13E8-4FF3-A36D-1E16B523DA37} = {68881016-900F-4B14-8B0C-94011E49AA35}
		{84E01ABF-2F87-4F07-A892-BF72897F568B} = {46C478C6-1C0D-459A-96BC-4B4D8239C6C7}
		{AA7F8251-D1FC-4CF0-913D-E5EA25B81EAD} = {37539850-F027-485F-9995-7D5ABA381E1B}
	EndGlobalSection
	GlobalSection(ExtensibilityGlobals) = postSolution
		SolutionGuid = {0E7838FD-6BBE-4BB0-9B08-0A4765FEAB3E}
	EndGlobalSection
EndGlobal
